
Microsoft Visual Studio Solution File, Format Version 12.00
# Visual Studio Version 17
VisualStudioVersion = 17.5.33424.131
MinimumVisualStudioVersion = 10.0.40219.1
Project("{FAE04EC0-301F-11D3-BF4B-00C04F79EFBC}") = "Tippekupong", "Tippekupong.csproj", "{D74F5745-2A94-4C28-98D8-D18B3BD35DF9}"
EndProject
Global
	GlobalSection(SolutionConfigurationPlatforms) = preSolution
		Debug|Any CPU = Debug|Any CPU
		Release|Any CPU = Release|Any CPU
	EndGlobalSection
	GlobalSection(ProjectConfigurationPlatforms) = postSolution
		{D74F5745-2A94-4C28-98D8-D18B3BD35DF9}.Debug|Any CPU.ActiveCfg = Debug|Any CPU
		{D74F5745-2A94-4C28-98D8-D18B3BD35DF9}.Debug|Any CPU.Build.0 = Debug|Any CPU
		{D74F5745-2A94-4C28-98D8-D18B3BD35DF9}.Release|Any CPU.ActiveCfg = Release|Any CPU
		{D74F5745-2A94-4C28-98D8-D18B3BD35DF9}.Release|Any CPU.Build.0 = Release|Any CPU
	EndGlobalSection
	GlobalSection(SolutionProperties) = preSolution
		HideSolutionNode = FALSE
	EndGlobalSection
	GlobalSection(ExtensibilityGlobals) = postSolution
		SolutionGuid = {98946C58-2EF3-476B-B3CF-F88075392083}
	EndGlobalSection
EndGlobal
